
Microsoft Visual Studio Solution File, Format Version 12.00
# Visual Studio Version 17
VisualStudioVersion = 17.7.34024.191
MinimumVisualStudioVersion = 10.0.40219.1
Project("{FAE04EC0-301F-11D3-BF4B-00C04F79EFBC}") = "NumbersGame", "NumbersGame.csproj", "{315F57D4-BC46-4CD7-B503-78D40375E3DD}"
EndProject
Global
	GlobalSection(SolutionConfigurationPlatforms) = preSolution
		Debug|Any CPU = Debug|Any CPU
		Release|Any CPU = Release|Any CPU
	EndGlobalSection
	GlobalSection(ProjectConfigurationPlatforms) = postSolution
		{315F57D4-BC46-4CD7-B503-78D40375E3DD}.Debug|Any CPU.ActiveCfg = Debug|Any CPU
		{315F57D4-BC46-4CD7-B503-78D40375E3DD}.Debug|Any CPU.Build.0 = Debug|Any CPU
		{315F57D4-BC46-4CD7-B503-78D40375E3DD}.Release|Any CPU.ActiveCfg = Release|Any CPU
		{315F57D4-BC46-4CD7-B503-78D40375E3DD}.Release|Any CPU.Build.0 = Release|Any CPU
	EndGlobalSection
	GlobalSection(SolutionProperties) = preSolution
		HideSolutionNode = FALSE
	EndGlobalSection
	GlobalSection(ExtensibilityGlobals) = postSolution
		SolutionGuid = {D129B77A-10BF-4246-A82D-8B745E909E7E}
	EndGlobalSection
EndGlobal
